{
  "name": "PassageIdentity.ExampleApp",
  "lockfileVersion": 3,
  "requires": true,
  "packages": {
    "": {
      "dependencies": {
        "@passageidentity/passage-js": "^3.0.1"
      }
    },
    "node_modules/@passageidentity/passage-js": {
      "version": "3.0.1",
      "resolved": "https://registry.npmjs.org/@passageidentity/passage-js/-/passage-js-3.0.1.tgz",
      "integrity": "sha512-rH4lHzVGkm6TepfBLzPpvf4qUtcE5o5hXNdFV950DAooqV7UccbxYXapOzppbLPx0C5UBr2uoSDuAjHT4xnNHw==",
      "dependencies": {
        "@types/node": "^17.0.27",
        "jwt-decode": "^3.1.2",
        "ua-parser-js": "^1.0.2"
      }
    },
    "node_modules/@types/node": {
      "version": "17.0.45",
      "resolved": "https://registry.npmjs.org/@types/node/-/node-17.0.45.tgz",
      "integrity": "sha512-w+tIMs3rq2afQdsPJlODhoUEKzFP1ayaoyl1CcnwtIlsVe7K7bA1NGm4s3PraqTLlXnbIN84zuBlxBWo1u9BLw=="
    },
    "node_modules/jwt-decode": {
      "version": "3.1.2",
      "resolved": "https://registry.npmjs.org/jwt-decode/-/jwt-decode-3.1.2.tgz",
      "integrity": "sha512-UfpWE/VZn0iP50d8cz9NrZLM9lSWhcJ+0Gt/nm4by88UL+J1SiKN8/5dkjMmbEzwL2CAe+67GsegCbIKtbp75A=="
    },
    "node_modules/ua-parser-js": {
      "version": "1.0.33",
      "resolved": "https://registry.npmjs.org/ua-parser-js/-/ua-parser-js-1.0.33.tgz",
      "integrity": "sha512-RqshF7TPTE0XLYAqmjlu5cLLuGdKrNu9O1KLA/qp39QtbZwuzwv1dT46DZSopoUMsYgXpB3Cv8a03FI8b74oFQ==",
      "funding": [
        {
          "type": "opencollective",
          "url": "https://opencollective.com/ua-parser-js"
        },
        {
          "type": "paypal",
          "url": "https://paypal.me/faisalman"
        }
      ],
      "engines": {
        "node": "*"
      }
    }
  }
}
